
Microsoft Visual Studio Solution File, Format Version 12.00
# Visual Studio Version 17
VisualStudioVersion = 17.6.33723.286
MinimumVisualStudioVersion = 10.0.40219.1
Project("{8BC9CEB8-8B4A-11D0-8D11-00A0C91BC942}") = "Boltzmann_shock_wave_", "Boltzmann_shock_wave_.vcxproj", "{ED91B977-A802-471F-84E6-1A73D6A20E03}"
EndProject
Global
	GlobalSection(SolutionConfigurationPlatforms) = preSolution
		Debug|x64 = Debug|x64
		Debug|x86 = Debug|x86
		Release|x64 = Release|x64
		Release|x86 = Release|x86
	EndGlobalSection
	GlobalSection(ProjectConfigurationPlatforms) = postSolution
		{ED91B977-A802-471F-84E6-1A73D6A20E03}.Debug|x64.ActiveCfg = Debug|x64
		{ED91B977-A802-471F-84E6-1A73D6A20E03}.Debug|x64.Build.0 = Debug|x64
		{ED91B977-A802-471F-84E6-1A73D6A20E03}.Debug|x86.ActiveCfg = Debug|Win32
		{ED91B977-A802-471F-84E6-1A73D6A20E03}.Debug|x86.Build.0 = Debug|Win32
		{ED91B977-A802-471F-84E6-1A73D6A20E03}.Release|x64.ActiveCfg = Release|x64
		{ED91B977-A802-471F-84E6-1A73D6A20E03}.Release|x64.Build.0 = Release|x64
		{ED91B977-A802-471F-84E6-1A73D6A20E03}.Release|x86.ActiveCfg = Release|Win32
		{ED91B977-A802-471F-84E6-1A73D6A20E03}.Release|x86.Build.0 = Release|Win32
	EndGlobalSection
	GlobalSection(SolutionProperties) = preSolution
		HideSolutionNode = FALSE
	EndGlobalSection
	GlobalSection(ExtensibilityGlobals) = postSolution
		SolutionGuid = {4C3DEA6E-0BAF-4193-BC7D-20A4661FD5E9}
	EndGlobalSection
EndGlobal
